Microsoft Visual Studio Solution File, Format Version 12.00
Project("{FAE04EC0-301F-11D3-BF4B-00C04F79EFBC}") = "api", "api\api.csproj", "{7906988A-C7CA-4886-A343-EBC17C0BAB59}"
EndProject
Project("{FAE04EC0-301F-11D3-BF4B-00C04F79EFBC}") = "spi", "spi\spi.csproj", "{A92DD9F9-1688-4E70-A95E-709E12DBB8C5}"
EndProject
Project("{2150E333-8FDC-42A3-9474-1A3956D46DE8}") = "api", "api", "{7A3E7A74-A8D6-46BA-BF65-D62123A7E9EC}"
EndProject
Project("{2150E333-8FDC-42A3-9474-1A3956D46DE8}") = "spi", "spi", "{5B024766-38A0-4E27-987E-9A83D50C34FE}"
EndProject
Project("{2150E333-8FDC-42A3-9474-1A3956D46DE8}") = "drivers", "drivers", "{35D8C56A-A721-46B3-A32C-71FCF212E85D}"
EndProject
Project("{2150E333-8FDC-42A3-9474-1A3956D46DE8}") = "knxnetip", "knxnetip", "{9AF96DA7-3FAA-4D59-B7F8-958B1CE41A34}"
EndProject
Project("{FAE04EC0-301F-11D3-BF4B-00C04F79EFBC}") = "knxnetip", "drivers\knxnetip\knxnetip.csproj", "{640E582A-68DF-4E51-B019-AE5774F31B54}"
EndProject
Project("{FAE04EC0-301F-11D3-BF4B-00C04F79EFBC}") = "knxnetip-test", "test\knxnetip-test\knxnetip-test.csproj", "{E9497B75-55B6-4C14-AAFB-DB93D0C88166}"
EndProject
Project("{FAE04EC0-301F-11D3-BF4B-00C04F79EFBC}") = "spi-test", "test\spi-test\spi-test.csproj", "{E5614E81-B60E-4FDB-A0BF-9E38902E8821}"
EndProject
Project("{2150E333-8FDC-42A3-9474-1A3956D46DE8}") = "test", "test", "{36844C61-A31B-4DD8-818B-D4ACF59F1845}"
EndProject
Project("{2150E333-8FDC-42A3-9474-1A3956D46DE8}") = "spi-test", "spi-test", "{64259E30-A13F-4EF8-81B8-A261D15A107E}"
EndProject
Project("{2150E333-8FDC-42A3-9474-1A3956D46DE8}") = "knxnetip-test", "knxnetip-test", "{750EF7FD-4634-463A-BB13-78DE1B98AEE2}"
EndProject
Project("{FAE04EC0-301F-11D3-BF4B-00C04F79EFBC}") = "tcp", "transports\tcp\tcp.csproj", "{71317C12-AB3B-42EE-9BFE-EF8217232F6B}"
EndProject
Project("{2150E333-8FDC-42A3-9474-1A3956D46DE8}") = "transports", "transports", "{6D81D0D1-7A60-1ADD-C689-B1528D5CD9EE}"
EndProject
Project("{2150E333-8FDC-42A3-9474-1A3956D46DE8}") = "tcp", "tcp", "{95244177-D6A6-4F46-B773-0392F6A905BD}"
EndProject
Project("{2150E333-8FDC-42A3-9474-1A3956D46DE8}") = "test", "test", "{8EF051BA-A21E-700B-FCD8-D263125BF3D8}"
EndProject
Project("{FAE04EC0-301F-11D3-BF4B-00C04F79EFBC}") = "test", "transports\test\test.csproj", "{7D4F39E6-B0B7-4F37-AECA-5805675FB353}"
EndProject
Project("{2150E333-8FDC-42A3-9474-1A3956D46DE8}") = "tools", "tools", "{07C2787E-EAC7-C090-1BA3-A61EC2A24D84}"
EndProject
Project("{2150E333-8FDC-42A3-9474-1A3956D46DE8}") = "code-gen", "code-gen", "{A354B686-50B9-145D-4471-4786A6D171DE}"
EndProject
Project("{FAE04EC0-301F-11D3-BF4B-00C04F79EFBC}") = "code-gen", "tools\code-gen\code-gen.csproj", "{C644EFCB-2643-477F-8F3B-B45F2CF421E9}"
EndProject
Project("{2150E333-8FDC-42A3-9474-1A3956D46DE8}") = "modbus", "modbus", "{9F489039-9516-57F9-D9DF-01FEDC578787}"
EndProject
Project("{FAE04EC0-301F-11D3-BF4B-00C04F79EFBC}") = "modbus", "drivers\modbus\modbus.csproj", "{5B3E8278-E5E8-48FB-918A-32A55EB6C416}"
EndProject
Project("{2150E333-8FDC-42A3-9474-1A3956D46DE8}") = "cotp", "cotp", "{EA16AB6C-AD3B-48BB-4D9E-742B6B17C523}"
EndProject
Project("{FAE04EC0-301F-11D3-BF4B-00C04F79EFBC}") = "cotp", "transports\cotp\cotp.csproj", "{CE3C6E9A-4532-46C1-AF41-641ECCD46463}"
EndProject
Project("{2150E333-8FDC-42A3-9474-1A3956D46DE8}") = "s7", "s7", "{88672A50-E636-5FC8-1F8D-44CB6722C61A}"
EndProject
Project("{FAE04EC0-301F-11D3-BF4B-00C04F79EFBC}") = "s7", "drivers\s7\s7.csproj", "{81400329-54D2-4F2B-835A-E424FDC9F220}"
EndProject
Project("{2150E333-8FDC-42A3-9474-1A3956D46DE8}") = "s7-verify", "s7-verify", "{75CBE6EE-976D-42BE-8DE1-4678A2CF6415}"
EndProject
Project("{FAE04EC0-301F-11D3-BF4B-00C04F79EFBC}") = "s7-verify", "tools\s7-verify\s7-verify.csproj", "{918C3321-157B-482C-AECA-257CF2A6B89A}"
EndProject
Project("{FAE04EC0-301F-11D3-BF4B-00C04F79EFBC}") = "modbus-verify", "tools\modbus-verify\modbus-verify.csproj", "{792CE0BD-EAF0-481E-B0B3-E5BC6B209237}"
EndProject
Project("{2150E333-8FDC-42A3-9474-1A3956D46DE8}") = "modbus-verify", "modbus-verify", "{B53F02CD-F9C6-4C61-B327-88B8E5F05589}"
EndProject
Project("{2150E333-8FDC-42A3-9474-1A3956D46DE8}") = "serial", "serial", "{D772A5B9-19D4-4A7E-ADE7-6363B1F8C0D2}"
EndProject
Project("{FAE04EC0-301F-11D3-BF4B-00C04F79EFBC}") = "serial", "transports\serial\serial.csproj", "{2D8640C3-029E-402F-9DD8-4F6959D98320}"
EndProject
Global
	GlobalSection(SolutionConfigurationPlatforms) = preSolution
		Debug|Any CPU = Debug|Any CPU
		Debug|x64 = Debug|x64
		Debug|x86 = Debug|x86
		Release|Any CPU = Release|Any CPU
		Release|x64 = Release|x64
		Release|x86 = Release|x86
	EndGlobalSection
	GlobalSection(ProjectConfigurationPlatforms) = postSolution
		{7906988A-C7CA-4886-A343-EBC17C0BAB59}.Debug|Any CPU.ActiveCfg = Debug|Any CPU
		{7906988A-C7CA-4886-A343-EBC17C0BAB59}.Debug|Any CPU.Build.0 = Debug|Any CPU
		{7906988A-C7CA-4886-A343-EBC17C0BAB59}.Debug|x64.ActiveCfg = Debug|Any CPU
		{7906988A-C7CA-4886-A343-EBC17C0BAB59}.Debug|x64.Build.0 = Debug|Any CPU
		{7906988A-C7CA-4886-A343-EBC17C0BAB59}.Debug|x86.ActiveCfg = Debug|Any CPU
		{7906988A-C7CA-4886-A343-EBC17C0BAB59}.Debug|x86.Build.0 = Debug|Any CPU
		{7906988A-C7CA-4886-A343-EBC17C0BAB59}.Release|Any CPU.ActiveCfg = Release|Any CPU
		{7906988A-C7CA-4886-A343-EBC17C0BAB59}.Release|Any CPU.Build.0 = Release|Any CPU
		{7906988A-C7CA-4886-A343-EBC17C0BAB59}.Release|x64.ActiveCfg = Release|Any CPU
		{7906988A-C7CA-4886-A343-EBC17C0BAB59}.Release|x64.Build.0 = Release|Any CPU
		{7906988A-C7CA-4886-A343-EBC17C0BAB59}.Release|x86.ActiveCfg = Release|Any CPU
		{7906988A-C7CA-4886-A343-EBC17C0BAB59}.Release|x86.Build.0 = Release|Any CPU
		{A92DD9F9-1688-4E70-A95E-709E12DBB8C5}.Debug|Any CPU.ActiveCfg = Debug|Any CPU
		{A92DD9F9-1688-4E70-A95E-709E12DBB8C5}.Debug|Any CPU.Build.0 = Debug|Any CPU
		{A92DD9F9-1688-4E70-A95E-709E12DBB8C5}.Debug|x64.ActiveCfg = Debug|Any CPU
		{A92DD9F9-1688-4E70-A95E-709E12DBB8C5}.Debug|x64.Build.0 = Debug|Any CPU
		{A92DD9F9-1688-4E70-A95E-709E12DBB8C5}.Debug|x86.ActiveCfg = Debug|Any CPU
		{A92DD9F9-1688-4E70-A95E-709E12DBB8C5}.Debug|x86.Build.0 = Debug|Any CPU
		{A92DD9F9-1688-4E70-A95E-709E12DBB8C5}.Release|Any CPU.ActiveCfg = Release|Any CPU
		{A92DD9F9-1688-4E70-A95E-709E12DBB8C5}.Release|Any CPU.Build.0 = Release|Any CPU
		{A92DD9F9-1688-4E70-A95E-709E12DBB8C5}.Release|x64.ActiveCfg = Release|Any CPU
		{A92DD9F9-1688-4E70-A95E-709E12DBB8C5}.Release|x64.Build.0 = Release|Any CPU
		{A92DD9F9-1688-4E70-A95E-709E12DBB8C5}.Release|x86.ActiveCfg = Release|Any CPU
		{A92DD9F9-1688-4E70-A95E-709E12DBB8C5}.Release|x86.Build.0 = Release|Any CPU
		{640E582A-68DF-4E51-B019-AE5774F31B54}.Debug|Any CPU.ActiveCfg = Debug|Any CPU
		{640E582A-68DF-4E51-B019-AE5774F31B54}.Debug|Any CPU.Build.0 = Debug|Any CPU
		{640E582A-68DF-4E51-B019-AE5774F31B54}.Debug|x64.ActiveCfg = Debug|Any CPU
		{640E582A-68DF-4E51-B019-AE5774F31B54}.Debug|x64.Build.0 = Debug|Any CPU
		{640E582A-68DF-4E51-B019-AE5774F31B54}.Debug|x86.ActiveCfg = Debug|Any CPU
		{640E582A-68DF-4E51-B019-AE5774F31B54}.Debug|x86.Build.0 = Debug|Any CPU
		{640E582A-68DF-4E51-B019-AE5774F31B54}.Release|Any CPU.ActiveCfg = Release|Any CPU
		{640E582A-68DF-4E51-B019-AE5774F31B54}.Release|Any CPU.Build.0 = Release|Any CPU
		{640E582A-68DF-4E51-B019-AE5774F31B54}.Release|x64.ActiveCfg = Release|Any CPU
		{640E582A-68DF-4E51-B019-AE5774F31B54}.Release|x64.Build.0 = Release|Any CPU
		{640E582A-68DF-4E51-B019-AE5774F31B54}.Release|x86.ActiveCfg = Release|Any CPU
		{640E582A-68DF-4E51-B019-AE5774F31B54}.Release|x86.Build.0 = Release|Any CPU
		{E9497B75-55B6-4C14-AAFB-DB93D0C88166}.Debug|Any CPU.ActiveCfg = Debug|Any CPU
		{E9497B75-55B6-4C14-AAFB-DB93D0C88166}.Debug|Any CPU.Build.0 = Debug|Any CPU
		{E9497B75-55B6-4C14-AAFB-DB93D0C88166}.Debug|x64.ActiveCfg = Debug|Any CPU
		{E9497B75-55B6-4C14-AAFB-DB93D0C88166}.Debug|x64.Build.0 = Debug|Any CPU
		{E9497B75-55B6-4C14-AAFB-DB93D0C88166}.Debug|x86.ActiveCfg = Debug|Any CPU
		{E9497B75-55B6-4C14-AAFB-DB93D0C88166}.Debug|x86.Build.0 = Debug|Any CPU
		{E9497B75-55B6-4C14-AAFB-DB93D0C88166}.Release|Any CPU.ActiveCfg = Release|Any CPU
		{E9497B75-55B6-4C14-AAFB-DB93D0C88166}.Release|Any CPU.Build.0 = Release|Any CPU
		{E9497B75-55B6-4C14-AAFB-DB93D0C88166}.Release|x64.ActiveCfg = Release|Any CPU
		{E9497B75-55B6-4C14-AAFB-DB93D0C88166}.Release|x64.Build.0 = Release|Any CPU
		{E9497B75-55B6-4C14-AAFB-DB93D0C88166}.Release|x86.ActiveCfg = Release|Any CPU
		{E9497B75-55B6-4C14-AAFB-DB93D0C88166}.Release|x86.Build.0 = Release|Any CPU
		{E5614E81-B60E-4FDB-A0BF-9E38902E8821}.Debug|Any CPU.ActiveCfg = Debug|Any CPU
		{E5614E81-B60E-4FDB-A0BF-9E38902E8821}.Debug|Any CPU.Build.0 = Debug|Any CPU
		{E5614E81-B60E-4FDB-A0BF-9E38902E8821}.Debug|x64.ActiveCfg = Debug|Any CPU
		{E5614E81-B60E-4FDB-A0BF-9E38902E8821}.Debug|x64.Build.0 = Debug|Any CPU
		{E5614E81-B60E-4FDB-A0BF-9E38902E8821}.Debug|x86.ActiveCfg = Debug|Any CPU
		{E5614E81-B60E-4FDB-A0BF-9E38902E8821}.Debug|x86.Build.0 = Debug|Any CPU
		{E5614E81-B60E-4FDB-A0BF-9E38902E8821}.Release|Any CPU.ActiveCfg = Release|Any CPU
		{E5614E81-B60E-4FDB-A0BF-9E38902E8821}.Release|Any CPU.Build.0 = Release|Any CPU
		{E5614E81-B60E-4FDB-A0BF-9E38902E8821}.Release|x64.ActiveCfg = Release|Any CPU
		{E5614E81-B60E-4FDB-A0BF-9E38902E8821}.Release|x64.Build.0 = Release|Any CPU
		{E5614E81-B60E-4FDB-A0BF-9E38902E8821}.Release|x86.ActiveCfg = Release|Any CPU
		{E5614E81-B60E-4FDB-A0BF-9E38902E8821}.Release|x86.Build.0 = Release|Any CPU
		{71317C12-AB3B-42EE-9BFE-EF8217232F6B}.Debug|Any CPU.ActiveCfg = Debug|Any CPU
		{71317C12-AB3B-42EE-9BFE-EF8217232F6B}.Debug|Any CPU.Build.0 = Debug|Any CPU
		{71317C12-AB3B-42EE-9BFE-EF8217232F6B}.Debug|x64.ActiveCfg = Debug|Any CPU
		{71317C12-AB3B-42EE-9BFE-EF8217232F6B}.Debug|x64.Build.0 = Debug|Any CPU
		{71317C12-AB3B-42EE-9BFE-EF8217232F6B}.Debug|x86.ActiveCfg = Debug|Any CPU
		{71317C12-AB3B-42EE-9BFE-EF8217232F6B}.Debug|x86.Build.0 = Debug|Any CPU
		{71317C12-AB3B-42EE-9BFE-EF8217232F6B}.Release|Any CPU.ActiveCfg = Release|Any CPU
		{71317C12-AB3B-42EE-9BFE-EF8217232F6B}.Release|Any CPU.Build.0 = Release|Any CPU
		{71317C12-AB3B-42EE-9BFE-EF8217232F6B}.Release|x64.ActiveCfg = Release|Any CPU
		{71317C12-AB3B-42EE-9BFE-EF8217232F6B}.Release|x64.Build.0 = Release|Any CPU
		{71317C12-AB3B-42EE-9BFE-EF8217232F6B}.Release|x86.ActiveCfg = Release|Any CPU
		{71317C12-AB3B-42EE-9BFE-EF8217232F6B}.Release|x86.Build.0 = Release|Any CPU
		{7D4F39E6-B0B7-4F37-AECA-5805675FB353}.Debug|Any CPU.ActiveCfg = Debug|Any CPU
		{7D4F39E6-B0B7-4F37-AECA-5805675FB353}.Debug|Any CPU.Build.0 = Debug|Any CPU
		{7D4F39E6-B0B7-4F37-AECA-5805675FB353}.Debug|x64.ActiveCfg = Debug|Any CPU
		{7D4F39E6-B0B7-4F37-AECA-5805675FB353}.Debug|x64.Build.0 = Debug|Any CPU
		{7D4F39E6-B0B7-4F37-AECA-5805675FB353}.Debug|x86.ActiveCfg = Debug|Any CPU
		{7D4F39E6-B0B7-4F37-AECA-5805675FB353}.Debug|x86.Build.0 = Debug|Any CPU
		{7D4F39E6-B0B7-4F37-AECA-5805675FB353}.Release|Any CPU.ActiveCfg = Release|Any CPU
		{7D4F39E6-B0B7-4F37-AECA-5805675FB353}.Release|Any CPU.Build.0 = Release|Any CPU
		{7D4F39E6-B0B7-4F37-AECA-5805675FB353}.Release|x64.ActiveCfg = Release|Any CPU
		{7D4F39E6-B0B7-4F37-AECA-5805675FB353}.Release|x64.Build.0 = Release|Any CPU
		{7D4F39E6-B0B7-4F37-AECA-5805675FB353}.Release|x86.ActiveCfg = Release|Any CPU
		{7D4F39E6-B0B7-4F37-AECA-5805675FB353}.Release|x86.Build.0 = Release|Any CPU
		{C644EFCB-2643-477F-8F3B-B45F2CF421E9}.Debug|Any CPU.ActiveCfg = Debug|Any CPU
		{C644EFCB-2643-477F-8F3B-B45F2CF421E9}.Debug|Any CPU.Build.0 = Debug|Any CPU
		{C644EFCB-2643-477F-8F3B-B45F2CF421E9}.Debug|x64.ActiveCfg = Debug|Any CPU
		{C644EFCB-2643-477F-8F3B-B45F2CF421E9}.Debug|x64.Build.0 = Debug|Any CPU
		{C644EFCB-2643-477F-8F3B-B45F2CF421E9}.Debug|x86.ActiveCfg = Debug|Any CPU
		{C644EFCB-2643-477F-8F3B-B45F2CF421E9}.Debug|x86.Build.0 = Debug|Any CPU
		{C644EFCB-2643-477F-8F3B-B45F2CF421E9}.Release|Any CPU.ActiveCfg = Release|Any CPU
		{C644EFCB-2643-477F-8F3B-B45F2CF421E9}.Release|Any CPU.Build.0 = Release|Any CPU
		{C644EFCB-2643-477F-8F3B-B45F2CF421E9}.Release|x64.ActiveCfg = Release|Any CPU
		{C644EFCB-2643-477F-8F3B-B45F2CF421E9}.Release|x64.Build.0 = Release|Any CPU
		{C644EFCB-2643-477F-8F3B-B45F2CF421E9}.Release|x86.ActiveCfg = Release|Any CPU
		{C644EFCB-2643-477F-8F3B-B45F2CF421E9}.Release|x86.Build.0 = Release|Any CPU
		{5B3E8278-E5E8-48FB-918A-32A55EB6C416}.Debug|Any CPU.ActiveCfg = Debug|Any CPU
		{5B3E8278-E5E8-48FB-918A-32A55EB6C416}.Debug|Any CPU.Build.0 = Debug|Any CPU
		{5B3E8278-E5E8-48FB-918A-32A55EB6C416}.Debug|x64.ActiveCfg = Debug|Any CPU
		{5B3E8278-E5E8-48FB-918A-32A55EB6C416}.Debug|x64.Build.0 = Debug|Any CPU
		{5B3E8278-E5E8-48FB-918A-32A55EB6C416}.Debug|x86.ActiveCfg = Debug|Any CPU
		{5B3E8278-E5E8-48FB-918A-32A55EB6C416}.Debug|x86.Build.0 = Debug|Any CPU
		{5B3E8278-E5E8-48FB-918A-32A55EB6C416}.Release|Any CPU.ActiveCfg = Release|Any CPU
		{5B3E8278-E5E8-48FB-918A-32A55EB6C416}.Release|Any CPU.Build.0 = Release|Any CPU
		{5B3E8278-E5E8-48FB-918A-32A55EB6C416}.Release|x64.ActiveCfg = Release|Any CPU
		{5B3E8278-E5E8-48FB-918A-32A55EB6C416}.Release|x64.Build.0 = Release|Any CPU
		{5B3E8278-E5E8-48FB-918A-32A55EB6C416}.Release|x86.ActiveCfg = Release|Any CPU
		{5B3E8278-E5E8-48FB-918A-32A55EB6C416}.Release|x86.Build.0 = Release|Any CPU
		{CE3C6E9A-4532-46C1-AF41-641ECCD46463}.Debug|Any CPU.ActiveCfg = Debug|Any CPU
		{CE3C6E9A-4532-46C1-AF41-641ECCD46463}.Debug|Any CPU.Build.0 = Debug|Any CPU
		{CE3C6E9A-4532-46C1-AF41-641ECCD46463}.Debug|x64.ActiveCfg = Debug|Any CPU
		{CE3C6E9A-4532-46C1-AF41-641ECCD46463}.Debug|x64.Build.0 = Debug|Any CPU
		{CE3C6E9A-4532-46C1-AF41-641ECCD46463}.Debug|x86.ActiveCfg = Debug|Any CPU
		{CE3C6E9A-4532-46C1-AF41-641ECCD46463}.Debug|x86.Build.0 = Debug|Any CPU
		{CE3C6E9A-4532-46C1-AF41-641ECCD46463}.Release|Any CPU.ActiveCfg = Release|Any CPU
		{CE3C6E9A-4532-46C1-AF41-641ECCD46463}.Release|Any CPU.Build.0 = Release|Any CPU
		{CE3C6E9A-4532-46C1-AF41-641ECCD46463}.Release|x64.ActiveCfg = Release|Any CPU
		{CE3C6E9A-4532-46C1-AF41-641ECCD46463}.Release|x64.Build.0 = Release|Any CPU
		{CE3C6E9A-4532-46C1-AF41-641ECCD46463}.Release|x86.ActiveCfg = Release|Any CPU
		{CE3C6E9A-4532-46C1-AF41-641ECCD46463}.Release|x86.Build.0 = Release|Any CPU
		{81400329-54D2-4F2B-835A-E424FDC9F220}.Debug|Any CPU.ActiveCfg = Debug|Any CPU
		{81400329-54D2-4F2B-835A-E424FDC9F220}.Debug|Any CPU.Build.0 = Debug|Any CPU
		{81400329-54D2-4F2B-835A-E424FDC9F220}.Debug|x64.ActiveCfg = Debug|Any CPU
		{81400329-54D2-4F2B-835A-E424FDC9F220}.Debug|x64.Build.0 = Debug|Any CPU
		{81400329-54D2-4F2B-835A-E424FDC9F220}.Debug|x86.ActiveCfg = Debug|Any CPU
		{81400329-54D2-4F2B-835A-E424FDC9F220}.Debug|x86.Build.0 = Debug|Any CPU
		{81400329-54D2-4F2B-835A-E424FDC9F220}.Release|Any CPU.ActiveCfg = Release|Any CPU
		{81400329-54D2-4F2B-835A-E424FDC9F220}.Release|Any CPU.Build.0 = Release|Any CPU
		{81400329-54D2-4F2B-835A-E424FDC9F220}.Release|x64.ActiveCfg = Release|Any CPU
		{81400329-54D2-4F2B-835A-E424FDC9F220}.Release|x64.Build.0 = Release|Any CPU
		{81400329-54D2-4F2B-835A-E424FDC9F220}.Release|x86.ActiveCfg = Release|Any CPU
		{81400329-54D2-4F2B-835A-E424FDC9F220}.Release|x86.Build.0 = Release|Any CPU
		{918C3321-157B-482C-AECA-257CF2A6B89A}.Debug|Any CPU.ActiveCfg = Debug|Any CPU
		{918C3321-157B-482C-AECA-257CF2A6B89A}.Debug|Any CPU.Build.0 = Debug|Any CPU
		{918C3321-157B-482C-AECA-257CF2A6B89A}.Debug|x64.ActiveCfg = Debug|Any CPU
		{918C3321-157B-482C-AECA-257CF2A6B89A}.Debug|x64.Build.0 = Debug|Any CPU
		{918C3321-157B-482C-AECA-257CF2A6B89A}.Debug|x86.ActiveCfg = Debug|Any CPU
		{918C3321-157B-482C-AECA-257CF2A6B89A}.Debug|x86.Build.0 = Debug|Any CPU
		{918C3321-157B-482C-AECA-257CF2A6B89A}.Release|Any CPU.ActiveCfg = Release|Any CPU
		{918C3321-157B-482C-AECA-257CF2A6B89A}.Release|Any CPU.Build.0 = Release|Any CPU
		{918C3321-157B-482C-AECA-257CF2A6B89A}.Release|x64.ActiveCfg = Release|Any CPU
		{918C3321-157B-482C-AECA-257CF2A6B89A}.Release|x64.Build.0 = Release|Any CPU
		{918C3321-157B-482C-AECA-257CF2A6B89A}.Release|x86.ActiveCfg = Release|Any CPU
		{918C3321-157B-482C-AECA-257CF2A6B89A}.Release|x86.Build.0 = Release|Any CPU
		{2D8640C3-029E-402F-9DD8-4F6959D98320}.Debug|Any CPU.ActiveCfg = Debug|Any CPU
		{2D8640C3-029E-402F-9DD8-4F6959D98320}.Debug|Any CPU.Build.0 = Debug|Any CPU
		{2D8640C3-029E-402F-9DD8-4F6959D98320}.Debug|x64.ActiveCfg = Debug|Any CPU
		{2D8640C3-029E-402F-9DD8-4F6959D98320}.Debug|x64.Build.0 = Debug|Any CPU
		{2D8640C3-029E-402F-9DD8-4F6959D98320}.Debug|x86.ActiveCfg = Debug|Any CPU
		{2D8640C3-029E-402F-9DD8-4F6959D98320}.Debug|x86.Build.0 = Debug|Any CPU
		{2D8640C3-029E-402F-9DD8-4F6959D98320}.Release|Any CPU.ActiveCfg = Release|Any CPU
		{2D8640C3-029E-402F-9DD8-4F6959D98320}.Release|Any CPU.Build.0 = Release|Any CPU
		{2D8640C3-029E-402F-9DD8-4F6959D98320}.Release|x64.ActiveCfg = Release|Any CPU
		{2D8640C3-029E-402F-9DD8-4F6959D98320}.Release|x64.Build.0 = Release|Any CPU
		{2D8640C3-029E-402F-9DD8-4F6959D98320}.Release|x86.ActiveCfg = Release|Any CPU
		{2D8640C3-029E-402F-9DD8-4F6959D98320}.Release|x86.Build.0 = Release|Any CPU
		{792CE0BD-EAF0-481E-B0B3-E5BC6B209237}.Debug|Any CPU.ActiveCfg = Debug|Any CPU
		{792CE0BD-EAF0-481E-B0B3-E5BC6B209237}.Debug|Any CPU.Build.0 = Debug|Any CPU
		{792CE0BD-EAF0-481E-B0B3-E5BC6B209237}.Debug|x64.ActiveCfg = Debug|Any CPU
		{792CE0BD-EAF0-481E-B0B3-E5BC6B209237}.Debug|x64.Build.0 = Debug|Any CPU
		{792CE0BD-EAF0-481E-B0B3-E5BC6B209237}.Debug|x86.ActiveCfg = Debug|Any CPU
		{792CE0BD-EAF0-481E-B0B3-E5BC6B209237}.Debug|x86.Build.0 = Debug|Any CPU
		{792CE0BD-EAF0-481E-B0B3-E5BC6B209237}.Release|Any CPU.ActiveCfg = Release|Any CPU
		{792CE0BD-EAF0-481E-B0B3-E5BC6B209237}.Release|Any CPU.Build.0 = Release|Any CPU
		{792CE0BD-EAF0-481E-B0B3-E5BC6B209237}.Release|x64.ActiveCfg = Release|Any CPU
		{792CE0BD-EAF0-481E-B0B3-E5BC6B209237}.Release|x64.Build.0 = Release|Any CPU
		{792CE0BD-EAF0-481E-B0B3-E5BC6B209237}.Release|x86.ActiveCfg = Release|Any CPU
		{792CE0BD-EAF0-481E-B0B3-E5BC6B209237}.Release|x86.Build.0 = Release|Any CPU
	EndGlobalSection
	GlobalSection(SolutionProperties) = preSolution
		HideSolutionNode = FALSE
	EndGlobalSection
	GlobalSection(NestedProjects) = preSolution
		{7906988A-C7CA-4886-A343-EBC17C0BAB59} = {7A3E7A74-A8D6-46BA-BF65-D62123A7E9EC}
		{A92DD9F9-1688-4E70-A95E-709E12DBB8C5} = {5B024766-38A0-4E27-987E-9A83D50C34FE}
		{9AF96DA7-3FAA-4D59-B7F8-958B1CE41A34} = {35D8C56A-A721-46B3-A32C-71FCF212E85D}
		{640E582A-68DF-4E51-B019-AE5774F31B54} = {9AF96DA7-3FAA-4D59-B7F8-958B1CE41A34}
		{E9497B75-55B6-4C14-AAFB-DB93D0C88166} = {750EF7FD-4634-463A-BB13-78DE1B98AEE2}
		{750EF7FD-4634-463A-BB13-78DE1B98AEE2} = {36844C61-A31B-4DD8-818B-D4ACF59F1845}
		{E5614E81-B60E-4FDB-A0BF-9E38902E8821} = {64259E30-A13F-4EF8-81B8-A261D15A107E}
		{64259E30-A13F-4EF8-81B8-A261D15A107E} = {36844C61-A31B-4DD8-818B-D4ACF59F1845}
		{71317C12-AB3B-42EE-9BFE-EF8217232F6B} = {95244177-D6A6-4F46-B773-0392F6A905BD}
		{95244177-D6A6-4F46-B773-0392F6A905BD} = {6D81D0D1-7A60-1ADD-C689-B1528D5CD9EE}
		{8EF051BA-A21E-700B-FCD8-D263125BF3D8} = {6D81D0D1-7A60-1ADD-C689-B1528D5CD9EE}
		{7D4F39E6-B0B7-4F37-AECA-5805675FB353} = {8EF051BA-A21E-700B-FCD8-D263125BF3D8}
		{A354B686-50B9-145D-4471-4786A6D171DE} = {07C2787E-EAC7-C090-1BA3-A61EC2A24D84}
		{C644EFCB-2643-477F-8F3B-B45F2CF421E9} = {A354B686-50B9-145D-4471-4786A6D171DE}
		{9F489039-9516-57F9-D9DF-01FEDC578787} = {35D8C56A-A721-46B3-A32C-71FCF212E85D}
		{5B3E8278-E5E8-48FB-918A-32A55EB6C416} = {9F489039-9516-57F9-D9DF-01FEDC578787}
		{EA16AB6C-AD3B-48BB-4D9E-742B6B17C523} = {6D81D0D1-7A60-1ADD-C689-B1528D5CD9EE}
		{CE3C6E9A-4532-46C1-AF41-641ECCD46463} = {EA16AB6C-AD3B-48BB-4D9E-742B6B17C523}
		{88672A50-E636-5FC8-1F8D-44CB6722C61A} = {35D8C56A-A721-46B3-A32C-71FCF212E85D}
		{81400329-54D2-4F2B-835A-E424FDC9F220} = {88672A50-E636-5FC8-1F8D-44CB6722C61A}
		{75CBE6EE-976D-42BE-8DE1-4678A2CF6415} = {07C2787E-EAC7-C090-1BA3-A61EC2A24D84}
		{918C3321-157B-482C-AECA-257CF2A6B89A} = {75CBE6EE-976D-42BE-8DE1-4678A2CF6415}
		{D772A5B9-19D4-4A7E-ADE7-6363B1F8C0D2} = {6D81D0D1-7A60-1ADD-C689-B1528D5CD9EE}
		{2D8640C3-029E-402F-9DD8-4F6959D98320} = {D772A5B9-19D4-4A7E-ADE7-6363B1F8C0D2}
		{792CE0BD-EAF0-481E-B0B3-E5BC6B209237} = {B53F02CD-F9C6-4C61-B327-88B8E5F05589}
		{B53F02CD-F9C6-4C61-B327-88B8E5F05589} = {07C2787E-EAC7-C090-1BA3-A61EC2A24D84}
	EndGlobalSection
EndGlobal
