
Microsoft Visual Studio Solution File, Format Version 12.00
# Visual Studio Version 16
VisualStudioVersion = 16.0.28803.156
MinimumVisualStudioVersion = 10.0.40219.1
Project("{FAE04EC0-301F-11D3-BF4B-00C04F79EFBC}") = "plc4net", "plc4net\plc4net.csproj", "{343770DC-ECE5-4131-9066-A09C120BB3D9}"
EndProject
Global
	GlobalSection(SolutionConfigurationPlatforms) = preSolution
		Debug|Any CPU = Debug|Any CPU
		Release|Any CPU = Release|Any CPU
	EndGlobalSection
	GlobalSection(ProjectConfigurationPlatforms) = postSolution
		{343770DC-ECE5-4131-9066-A09C120BB3D9}.Debug|Any CPU.ActiveCfg = Debug|Any CPU
		{343770DC-ECE5-4131-9066-A09C120BB3D9}.Debug|Any CPU.Build.0 = Debug|Any CPU
		{343770DC-ECE5-4131-9066-A09C120BB3D9}.Release|Any CPU.ActiveCfg = Release|Any CPU
		{343770DC-ECE5-4131-9066-A09C120BB3D9}.Release|Any CPU.Build.0 = Release|Any CPU
	EndGlobalSection
	GlobalSection(SolutionProperties) = preSolution
		HideSolutionNode = FALSE
	EndGlobalSection
	GlobalSection(ExtensibilityGlobals) = postSolution
		SolutionGuid = {DCB0DDB3-E6AA-4801-844E-5C71EB50CB1B}
	EndGlobalSection
EndGlobal
