github.com/ajankovic/xdiff v0.0.1/go.mod h1:SUmEZ67uB97I0zkiuQ+lb+LOms9ipn8X+p+2RdJV710=
github.com/antchfx/xpath v0.0.0-20170515025933-1f3266e77307/go.mod h1:Yee4kTMuNiPYJ7nSNorELQMr1J33uOpXDMByNYhvtNk=
github.com/apache/plc4x/plc4go v0.0.0-20210219073003-e296ad46cf80 h1:TyB3rpzdyi3JNBBqhD/34Lzs72te/v/TPKrx5POxOe8=
github.com/apache/plc4x/plc4go v0.0.0-20210219073003-e296ad46cf80/go.mod h1:ABIKjRX6noeeQA4saOUF9jPwY/58NxTQXW9m8o+xOME=
github.com/apache/plc4x/plc4go v0.0.0-20210224090025-89ad4b386749 h1:E9ppUWBTELN8sV65e5/bVLYDM9VdLobVVluvPpKKhgU=
github.com/apache/plc4x/plc4go v0.0.0-20210224090025-89ad4b386749/go.mod h1:ABIKjRX6noeeQA4saOUF9jPwY/58NxTQXW9m8o+xOME=
github.com/apache/plc4x/plc4go v0.0.0-20210304084621-b47a1b9fff18 h1:9i1fESnDJXlYMBv57sEbnGyZOTpAmd0Mc8R+TgsQ8CU=
github.com/apache/plc4x/plc4go v0.0.0-20210304084621-b47a1b9fff18/go.mod h1:ABIKjRX6noeeQA4saOUF9jPwY/58NxTQXW9m8o+xOME=
github.com/apache/plc4x/plc4go v0.0.0-20210317175031-bed7865bbddf h1:J8KIs1QtfJR6i/tKT6v0694hDP0MJZGqn5LfVG+OphY=
github.com/apache/plc4x/plc4go v0.0.0-20210317175031-bed7865bbddf/go.mod h1:Fg6WaP5Rpmwnstu44cLqjUDPbaFffl/pRHPVouEIgGg=
github.com/apache/plc4x/plc4go v0.0.0-20210318104120-cd69c0009660 h1:9KAOM8SXsiA0WVkhMIIfF+xaZvbRAxpfbtuinlUOL0k=
github.com/apache/plc4x/plc4go v0.0.0-20210318104120-cd69c0009660/go.mod h1:Fg6WaP5Rpmwnstu44cLqjUDPbaFffl/pRHPVouEIgGg=
github.com/apache/plc4x/plc4go v0.0.0-20210319085735-1d2c3b341af0 h1:tWFm6dj4flf9RPt7XDzIMbL6mScl2SGUKIaLQx5GphU=
github.com/apache/plc4x/plc4go v0.0.0-20210319085735-1d2c3b341af0/go.mod h1:1mws7SPHWDbyheFlOoxKystKWmq5m4itv1uf/rvMzzQ=
github.com/apache/plc4x/plc4go v0.0.0-20210319203815-34cd8e7cee37 h1:v6058YVP+Csl6pPmHWd3caaBUU7JLUCTSIFYulPk33c=
github.com/apache/plc4x/plc4go v0.0.0-20210319203815-34cd8e7cee37/go.mod h1:1mws7SPHWDbyheFlOoxKystKWmq5m4itv1uf/rvMzzQ=
github.com/apache/plc4x/plc4go v0.0.0-20210323102244-4bca718b85a1 h1:s2kHU276v57Y1t2IeC90g2/Wr5vkEKzliWoGLbndmvU=
github.com/apache/plc4x/plc4go v0.0.0-20210323102244-4bca718b85a1/go.mod h1:9m7z5psLsDpPfcVPIdd/L9qmn1lCojPLxfhTrvhQwjw=
github.com/apache/plc4x/plc4go v0.0.0-20210331081511-003c50ba4f7e h1:LFclJ70mgE7gU4ZGLHub4LwBA9TCULXObHlRdrye+2Q=
github.com/apache/plc4x/plc4go v0.0.0-20210331081511-003c50ba4f7e/go.mod h1:NfO8uGKPGwDxn1GqOb4oNhAtPF7St1A9LRk1J/qSlWU=
github.com/apache/plc4x/plc4go v0.0.0-20210331131528-13579ee12950 h1:hAvcIzewcMmq7pCYUhD2ImON+lRO6dSBqaEpbzj3ecs=
github.com/apache/plc4x/plc4go v0.0.0-20210331131528-13579ee12950/go.mod h1:NfO8uGKPGwDxn1GqOb4oNhAtPF7St1A9LRk1J/qSlWU=
github.com/apache/plc4x/plc4go v0.0.0-20210402084608-9a035163ef03 h1:xg93Ig6/8OqE43hqO6N4440rMSpJtQ5MRx7L6bmbCcw=
github.com/apache/plc4x/plc4go v0.0.0-20210402084608-9a035163ef03/go.mod h1:NfO8uGKPGwDxn1GqOb4oNhAtPF7St1A9LRk1J/qSlWU=
github.com/apache/plc4x/plc4go v0.0.0-20210402100047-03565df6b9ee h1:+kli9AXi60YFkLQRcQ9CCG4b/QZAc+oZAcD3j0WlJf4=
github.com/apache/plc4x/plc4go v0.0.0-20210402100047-03565df6b9ee/go.mod h1:NfO8uGKPGwDxn1GqOb4oNhAtPF7St1A9LRk1J/qSlWU=
github.com/apache/plc4x/plc4go v0.0.0-20210406075115-c8da58aed173 h1:NmxMscNlndwBbTasud0+7nmUVGXxVidGuq5pKtzHhZc=
github.com/apache/plc4x/plc4go v0.0.0-20210406075115-c8da58aed173/go.mod h1:NfO8uGKPGwDxn1GqOb4oNhAtPF7St1A9LRk1J/qSlWU=
github.com/apache/plc4x/plc4go v0.0.0-20210406172937-bf1f1ba4b6fa h1:sPMhpZ1N5zBxuj5oE8LS1GR3RehgFeEVzFrWarr0fVA=
github.com/apache/plc4x/plc4go v0.0.0-20210406172937-bf1f1ba4b6fa/go.mod h1:NfO8uGKPGwDxn1GqOb4oNhAtPF7St1A9LRk1J/qSlWU=
github.com/apache/plc4x/plc4go v0.0.0-20210406233720-5c051470a868 h1:AfCMh0WJWPXNzldGsg6nLVJKqFAaMNlmfAbTGiqTI1U=
github.com/apache/plc4x/plc4go v0.0.0-20210406233720-5c051470a868/go.mod h1:NfO8uGKPGwDxn1GqOb4oNhAtPF7St1A9LRk1J/qSlWU=
github.com/apache/plc4x/plc4go v0.0.0-20210407063940-121856ba233a h1:c7LNsPEMtALPwFaN9jrDZ8F0M924E0gmt0m1ALSqKVc=
github.com/apache/plc4x/plc4go v0.0.0-20210407063940-121856ba233a/go.mod h1:NfO8uGKPGwDxn1GqOb4oNhAtPF7St1A9LRk1J/qSlWU=
github.com/apache/plc4x/plc4go v0.0.0-20210407074126-e5b4b44da317 h1:uWyhOLCZzX2WBWjq7IOvmq1x0itW4e1ogqFHVHRESE4=
github.com/apache/plc4x/plc4go v0.0.0-20210407074126-e5b4b44da317/go.mod h1:NfO8uGKPGwDxn1GqOb4oNhAtPF7St1A9LRk1J/qSlWU=
github.com/apache/plc4x/plc4go v0.0.0-20210408143516-036a157857da h1:F9LSM9eVziaw1DpevUCDd/l0wBs2pHJG5ebM/LzOFUo=
github.com/apache/plc4x/plc4go v0.0.0-20210408143516-036a157857da/go.mod h1:NfO8uGKPGwDxn1GqOb4oNhAtPF7St1A9LRk1J/qSlWU=
github.com/apache/plc4x/plc4go v0.0.0-20210410044310-edcf761e75f2 h1:C9/CEAUCxTuZLaWFSzT2LOjBNG11JRM9xwoloLbXwB0=
github.com/apache/plc4x/plc4go v0.0.0-20210410044310-edcf761e75f2/go.mod h1:NfO8uGKPGwDxn1GqOb4oNhAtPF7St1A9LRk1J/qSlWU=
github.com/apache/plc4x/plc4go v0.0.0-20210410051938-faf80e5a6aa9 h1:Vah0ugkonhbrCwHLaUYTTUMpG/TWTokLVLxmmSvyi5E=
github.com/apache/plc4x/plc4go v0.0.0-20210410051938-faf80e5a6aa9/go.mod h1:NfO8uGKPGwDxn1GqOb4oNhAtPF7St1A9LRk1J/qSlWU=
github.com/apache/plc4x/plc4go v0.0.0-20210412213847-80045494b056 h1:0WyQtKcnPH+j5LYvTk1ZNXD57xfmNQmSBLzd6yANjbs=
github.com/apache/plc4x/plc4go v0.0.0-20210412213847-80045494b056/go.mod h1:NfO8uGKPGwDxn1GqOb4oNhAtPF7St1A9LRk1J/qSlWU=
github.com/apache/plc4x/plc4go v0.0.0-20210412224106-91884b6407c7 h1:Yl9ofe/OfvXoGh00DdYU1y+cBMWhRn5fm+uIAJaFZh0=
github.com/apache/plc4x/plc4go v0.0.0-20210412224106-91884b6407c7/go.mod h1:NfO8uGKPGwDxn1GqOb4oNhAtPF7St1A9LRk1J/qSlWU=
github.com/apache/plc4x/plc4go v0.0.0-20210413075116-af1aa13ce15a h1:kfUGAL53k9bYdrlggHM4tt7HiwaBGW9LMMDNe3fVGxs=
github.com/apache/plc4x/plc4go v0.0.0-20210413075116-af1aa13ce15a/go.mod h1:NfO8uGKPGwDxn1GqOb4oNhAtPF7St1A9LRk1J/qSlWU=
github.com/apache/plc4x/plc4go v0.0.0-20210413084758-912060472f7c h1:Fqsxkvf1e1A93DY8y7YM+BxNObskC7mJP8yzR/Bs/hE=
github.com/apache/plc4x/plc4go v0.0.0-20210413084758-912060472f7c/go.mod h1:NfO8uGKPGwDxn1GqOb4oNhAtPF7St1A9LRk1J/qSlWU=
github.com/apache/plc4x/plc4go v0.0.0-20210413105005-6b422943429b h1:6pA7ZDNdRv7voWAzWzjIWcQKb8VReTP0dLFqNZuOdCI=
github.com/apache/plc4x/plc4go v0.0.0-20210413105005-6b422943429b/go.mod h1:NfO8uGKPGwDxn1GqOb4oNhAtPF7St1A9LRk1J/qSlWU=
github.com/apache/plc4x/plc4go v0.0.0-20210413122240-033cc1993c68 h1:A5M/IvZuG59tSEIoBzuLc21a76wYe9Hcie6jmKpEVxQ=
github.com/apache/plc4x/plc4go v0.0.0-20210413122240-033cc1993c68/go.mod h1:NfO8uGKPGwDxn1GqOb4oNhAtPF7St1A9LRk1J/qSlWU=
github.com/apache/plc4x/plc4go v0.0.0-20210413154933-f9f893dcaccc h1:NcT7ao9OAAkymGJSu9VD0e5aAQdFj6Kii96iPm74R/Q=
github.com/apache/plc4x/plc4go v0.0.0-20210413154933-f9f893dcaccc/go.mod h1:NfO8uGKPGwDxn1GqOb4oNhAtPF7St1A9LRk1J/qSlWU=
github.com/apache/plc4x/plc4go v0.0.0-20210414092738-699b72764350 h1:pFL0QyxGyCi0I3tTqdZY5IyzdFmfz5OQuBdUZwsH5O8=
github.com/apache/plc4x/plc4go v0.0.0-20210414092738-699b72764350/go.mod h1:NfO8uGKPGwDxn1GqOb4oNhAtPF7St1A9LRk1J/qSlWU=
github.com/apache/plc4x/plc4go v0.0.0-20210414131957-315d32327b67 h1:az5pU0RxfOoJ7uuSS/uKnWrDieyI0JFnZ4PuKTcXHbI=
github.com/apache/plc4x/plc4go v0.0.0-20210414131957-315d32327b67/go.mod h1:NfO8uGKPGwDxn1GqOb4oNhAtPF7St1A9LRk1J/qSlWU=
github.com/coreos/go-systemd v0.0.0-20190321100706-95778dfbb74e/go.mod h1:F5haX7vjVVG0kc13fIWeqUViNPyEJxv/OmvnBo0Yme4=
github.com/davecgh/go-spew v1.1.1/go.mod h1:J7Y8YcW2NihsgmVo/mv3lAwl/skON4iLHjSsI+c5H38=
github.com/dnephin/pflag v1.0.7/go.mod h1:uxE91IoWURlOiTUIA8Mq5ZZkAv3dPUfZNaT80Zm7OQE=
github.com/elastic/go-licenser v0.3.1/go.mod h1:D8eNQk70FOCVBl3smCGQt/lv7meBeQno2eI1S5apiHQ=
github.com/fatih/color v1.9.0/go.mod h1:eQcE1qtQxscV5RaZvpXrrb8Drkc3/DdQ+uUYCNjL+zU=
github.com/fatih/color v1.10.0/go.mod h1:ELkj/draVOlAH/xkhN6mQ50Qd0MPOk5AAr3maGEBuJM=
github.com/fsnotify/fsnotify v1.4.9/go.mod h1:znqG4EE+3YCdAaPaxE2ZRY/06pZUdp0tY4IgpuI1SZQ=
github.com/google/go-cmp v0.4.0/go.mod h1:v8dTdLbMG2kIc/vJvl+f65V22dbkXbowE6jgT/gNBxE=
github.com/google/go-cmp v0.5.2/go.mod h1:v8dTdLbMG2kIc/vJvl+f65V22dbkXbowE6jgT/gNBxE=
github.com/google/go-cmp v0.5.5/go.mod h1:v8dTdLbMG2kIc/vJvl+f65V22dbkXbowE6jgT/gNBxE=
github.com/google/shlex v0.0.0-20191202100458-e7afc7fbc510/go.mod h1:pupxD2MaaD3pAXIBCelhxNneeOaAeabZDe5s4K6zSpQ=
github.com/icza/bitio v1.0.0/go.mod h1:0jGnlLAx8MKMr9VGnn/4YrvZiprkvBelsVIbA9Jjr9A=
github.com/icza/mighty v0.0.0-20180919140131-cfd07d671de6/go.mod h1:xQig96I1VNBDIWGCdTt54nHt6EeI639SmHycLYL7FkA=
github.com/jonboulle/clockwork v0.1.0/go.mod h1:Ii8DK3G1RaLaWxj9trq07+26W01tbo22gdxWY5EU2bo=
github.com/jonboulle/clockwork v0.2.2/go.mod h1:Pkfl5aHPm1nk2H9h0bjmnJD/BcgbGXUBGnn1kMkgxc8=
github.com/mattn/go-colorable v0.1.4/go.mod h1:U0ppj6V5qS13XJ6of8GYAs25YV2eR4EVcfRqFIhoBtE=
github.com/mattn/go-colorable v0.1.6/go.mod h1:u6P/XSegPjTcexA+o6vUJrdnUu04hMope9wVRipJSqc=
github.com/mattn/go-colorable v0.1.8/go.mod h1:u6P/XSegPjTcexA+o6vUJrdnUu04hMope9wVRipJSqc=
github.com/mattn/go-isatty v0.0.8/go.mod h1:Iq45c/XA43vh69/j3iqttzPXn0bhXyGjM0Hdxcsrc5s=
github.com/mattn/go-isatty v0.0.11/go.mod h1:PhnuNfih5lzO57/f3n+odYbM4JtupLOxQOAqxQCu2WE=
github.com/mattn/go-isatty v0.0.12/go.mod h1:cbi8OIDigv2wuxKPP5vlRcQ1OAZbq2CE4Kysco4FUpU=
github.com/pkg/errors v0.8.1/go.mod h1:bwawxfHBFNV+L2hUp1rHADufV3IMtnDRdf1r5NINEl0=
github.com/pkg/errors v0.9.1/go.mod h1:bwawxfHBFNV+L2hUp1rHADufV3IMtnDRdf1r5NINEl0=
github.com/pmezard/go-difflib v1.0.0/go.mod h1:iKH77koFhYxTK1pcRnkKkqfTogsbg7gZNVY4sRDYZ/4=
github.com/rs/xid v1.2.1/go.mod h1:+uKXf+4Djp6Md1KODXJxgGQPKngRmWyn10oCKFzNHOQ=
github.com/rs/zerolog v1.20.0/go.mod h1:IzD0RJ65iWH0w97OQQebJEvTZYvsCUm9WVLWBQrJRjo=
github.com/sirupsen/logrus v1.7.0/go.mod h1:yWOB1SBYBC5VeMP7gHvWumXLIWorT60ONWic61uBYv0=
github.com/spf13/pflag v1.0.3/go.mod h1:DYY7MBk1bdzusC3SYhjObp+wFpr4gzcvqqNjLnInEg4=
github.com/stretchr/testify v1.2.2/go.mod h1:a8OnRcib4nhh0OaRAV+Yts87kKdq0PP7pXfy6kDkUVs=
github.com/subchen/go-xmldom v1.1.2/go.mod h1:6Pg/HuX5/T4Jlj0IPJF1sRxKVoI/rrKP6LIMge9d5/8=
github.com/tebeka/go2xunit v1.4.10/go.mod h1:wmc9jKT7KlU4QLU6DNTaIXNnYNOjKKNlp6mjOS0UrqY=
github.com/yuin/goldmark v1.2.1/go.mod h1:3hX8gzYuyVAZsxl0MRgGTJEmQBFcNTphYh9decYSb74=
golang.org/x/crypto v0.0.0-20190308221718-c2843e01d9a2/go.mod h1:djNgcEr1/C05ACkg1iLfiJU5Ep61QUkGW8qpdssI0+w=
golang.org/x/crypto v0.0.0-20191011191535-87dc89f01550/go.mod h1:yigFU9vqHzYiE8UmvKecakEJjdnWj3jj499lnFckfCI=
golang.org/x/crypto v0.0.0-20200622213623-75b288015ac9/go.mod h1:LzIPMQfyMNhhGPhUkYOs5KpL4U8rLKemX1yGLhDgUto=
golang.org/x/mod v0.3.0/go.mod h1:s0Qsj1ACt9ePp/hMypM3fl4fZqREWJwdYDEqhRiZZUA=
golang.org/x/net v0.0.0-20190311183353-d8887717615a/go.mod h1:t9HGtf8HONx5eT2rtn7q6eTqICYqUVnKs3thJo3Qplg=
golang.org/x/net v0.0.0-20190404232315-eb5bcb51f2a3/go.mod h1:t9HGtf8HONx5eT2rtn7q6eTqICYqUVnKs3thJo3Qplg=
golang.org/x/net v0.0.0-20190620200207-3b0461eec859/go.mod h1:z5CRVTTTmAJ677TzLLGU+0bjPO0LkuOLi4/5GtJWs/s=
golang.org/x/net v0.0.0-20201021035429-f5854403a974/go.mod h1:sp8m0HH+o8qH0wwXwYZr8TS3Oi6o0r6Gce1SSxlDquU=
golang.org/x/sync v0.0.0-20190423024810-112230192c58/go.mod h1:RxMgew5VJxzue5/jJTE5uejpjVlOe/izrB70Jof72aM=
golang.org/x/sync v0.0.0-20201020160332-67f06af15bc9/go.mod h1:RxMgew5VJxzue5/jJTE5uejpjVlOe/izrB70Jof72aM=
golang.org/x/sys v0.0.0-20190215142949-d0b11bdaac8a/go.mod h1:STP8DvDyc/dI5b8T5hshtkjS+E42TnysNCUPdjciGhY=
golang.org/x/sys v0.0.0-20190222072716-a9d3bda3a223/go.mod h1:STP8DvDyc/dI5b8T5hshtkjS+E42TnysNCUPdjciGhY=
golang.org/x/sys v0.0.0-20190412213103-97732733099d/go.mod h1:h1NjWce9XRLGQEsW7wpKNCjG9DtNlClVuFLEZdDNbEs=
golang.org/x/sys v0.0.0-20191005200804-aed5e4c7ecf9/go.mod h1:h1NjWce9XRLGQEsW7wpKNCjG9DtNlClVuFLEZdDNbEs=
golang.org/x/sys v0.0.0-20191026070338-33540a1f6037/go.mod h1:h1NjWce9XRLGQEsW7wpKNCjG9DtNlClVuFLEZdDNbEs=
golang.org/x/sys v0.0.0-20200116001909-b77594299b42/go.mod h1:h1NjWce9XRLGQEsW7wpKNCjG9DtNlClVuFLEZdDNbEs=
golang.org/x/sys v0.0.0-20200223170610-d5e6a3e2c0ae/go.mod h1:h1NjWce9XRLGQEsW7wpKNCjG9DtNlClVuFLEZdDNbEs=
golang.org/x/sys v0.0.0-20200930185726-fdedc70b468f/go.mod h1:h1NjWce9XRLGQEsW7wpKNCjG9DtNlClVuFLEZdDNbEs=
golang.org/x/sys v0.0.0-20201009025420-dfb3f7c4e634/go.mod h1:h1NjWce9XRLGQEsW7wpKNCjG9DtNlClVuFLEZdDNbEs=
golang.org/x/sys v0.0.0-20210119212857-b64e53b001e4/go.mod h1:h1NjWce9XRLGQEsW7wpKNCjG9DtNlClVuFLEZdDNbEs=
golang.org/x/text v0.3.0/go.mod h1:NqM8EUOU14njkJ3fqMW+pc6Ldnwhi/IjpwHt7yyuwOQ=
golang.org/x/text v0.3.3/go.mod h1:5Zoc/QRtKVWzQhOtBMvqHzDpF6irO9z98xDceosuGiQ=
golang.org/x/tools v0.0.0-20180917221912-90fa682c2a6e/go.mod h1:n7NCudcB/nEzxVGmLbDWY5pfWTLqBcC2KZ6jyYvM4mQ=
golang.org/x/tools v0.0.0-20190624222133-a101b041ded4/go.mod h1:/rFqwRUd4F7ZHNgwSSTFct+R/Kf4OFW1sUzUTQQTgfc=
golang.org/x/tools v0.0.0-20190828213141-aed303cbaa74/go.mod h1:b+2E5dAYhXwXZwtnZ6UAqBI28+e2cm9otk0dWdXHAEo=
golang.org/x/tools v0.0.0-20191119224855-298f0cb1881e/go.mod h1:b+2E5dAYhXwXZwtnZ6UAqBI28+e2cm9otk0dWdXHAEo=
golang.org/x/tools v0.1.0/go.mod h1:xkSsbof2nBLbhDlRMhhhyNLN/zl3eTqcnHD5viDpcZ0=
golang.org/x/xerrors v0.0.0-20190717185122-a985d3407aa7/go.mod h1:I/5z698sn9Ka8TeJc9MKroUUfqBBauWjQqLJ2OPfmY0=
golang.org/x/xerrors v0.0.0-20191011141410-1b5146add898/go.mod h1:I/5z698sn9Ka8TeJc9MKroUUfqBBauWjQqLJ2OPfmY0=
golang.org/x/xerrors v0.0.0-20191204190536-9bdfabe68543/go.mod h1:I/5z698sn9Ka8TeJc9MKroUUfqBBauWjQqLJ2OPfmY0=
golang.org/x/xerrors v0.0.0-20200804184101-5ec99f83aff1/go.mod h1:I/5z698sn9Ka8TeJc9MKroUUfqBBauWjQqLJ2OPfmY0=
gotest.tools/gotestsum v1.6.2/go.mod h1:H74H1IvjJE+E/1INpsn2P4+QW0uLDgL/T2sVajPHmTM=
gotest.tools/gotestsum v1.6.3/go.mod h1:fTR9ZhxC/TLAAx2/WMk/m3TkMB9eEI89gdEzhiRVJT8=
gotest.tools/v3 v3.0.3/go.mod h1:Z7Lb0S5l+klDB31fvDQX8ss/FlKDxtlFlw3Oa8Ymbl8=
