
Microsoft Visual Studio Solution File, Format Version 12.00
# Visual Studio Version 16
VisualStudioVersion = 16.0.30907.101
MinimumVisualStudioVersion = 10.0.40219.1
Project("{9A19103F-16F7-4668-BE54-9A1E7A4F7556}") = "plc4net-api", "api\plc4net-api.csproj", "{7906988A-C7CA-4886-A343-EBC17C0BAB59}"
EndProject
Project("{9A19103F-16F7-4668-BE54-9A1E7A4F7556}") = "plc4net-spi", "spi\plc4net-spi.csproj", "{A92DD9F9-1688-4E70-A95E-709E12DBB8C5}"
EndProject
Project("{9A19103F-16F7-4668-BE54-9A1E7A4F7556}") = "Hello-World PLC4X", "examples\Hello-World PLC4X\Hello-World PLC4X.csproj", "{0E38CC6E-71B6-4438-A143-81B57A6CDEB9}"
EndProject
Project("{2150E333-8FDC-42A3-9474-1A3956D46DE8}") = "examples", "examples", "{5EDC0A12-B192-42D6-AF7B-D457506A1AB2}"
EndProject
Global
	GlobalSection(SolutionConfigurationPlatforms) = preSolution
		Debug|Any CPU = Debug|Any CPU
		Release|Any CPU = Release|Any CPU
	EndGlobalSection
	GlobalSection(ProjectConfigurationPlatforms) = postSolution
		{7906988A-C7CA-4886-A343-EBC17C0BAB59}.Debug|Any CPU.ActiveCfg = Debug|Any CPU
		{7906988A-C7CA-4886-A343-EBC17C0BAB59}.Debug|Any CPU.Build.0 = Debug|Any CPU
		{7906988A-C7CA-4886-A343-EBC17C0BAB59}.Release|Any CPU.ActiveCfg = Release|Any CPU
		{7906988A-C7CA-4886-A343-EBC17C0BAB59}.Release|Any CPU.Build.0 = Release|Any CPU
		{A92DD9F9-1688-4E70-A95E-709E12DBB8C5}.Debug|Any CPU.ActiveCfg = Debug|Any CPU
		{A92DD9F9-1688-4E70-A95E-709E12DBB8C5}.Debug|Any CPU.Build.0 = Debug|Any CPU
		{A92DD9F9-1688-4E70-A95E-709E12DBB8C5}.Release|Any CPU.ActiveCfg = Release|Any CPU
		{A92DD9F9-1688-4E70-A95E-709E12DBB8C5}.Release|Any CPU.Build.0 = Release|Any CPU
		{0E38CC6E-71B6-4438-A143-81B57A6CDEB9}.Debug|Any CPU.ActiveCfg = Debug|Any CPU
		{0E38CC6E-71B6-4438-A143-81B57A6CDEB9}.Debug|Any CPU.Build.0 = Debug|Any CPU
		{0E38CC6E-71B6-4438-A143-81B57A6CDEB9}.Release|Any CPU.ActiveCfg = Release|Any CPU
		{0E38CC6E-71B6-4438-A143-81B57A6CDEB9}.Release|Any CPU.Build.0 = Release|Any CPU
	EndGlobalSection
	GlobalSection(SolutionProperties) = preSolution
		HideSolutionNode = FALSE
	EndGlobalSection
	GlobalSection(NestedProjects) = preSolution
		{0E38CC6E-71B6-4438-A143-81B57A6CDEB9} = {5EDC0A12-B192-42D6-AF7B-D457506A1AB2}
	EndGlobalSection
	GlobalSection(ExtensibilityGlobals) = postSolution
		SolutionGuid = {4A3822DB-8831-494E-801D-D8F7B61666CB}
	EndGlobalSection
EndGlobal
