
Microsoft Visual Studio Solution File, Format Version 12.00
# Visual Studio Version 16
VisualStudioVersion = 16.0.30907.101
MinimumVisualStudioVersion = 10.0.40219.1
Project("{9A19103F-16F7-4668-BE54-9A1E7A4F7556}") = "Hello-World PLC4X", "Hello-World PLC4X.csproj", "{1A6034EE-68B7-49D0-AFDC-F4F1AB19C96E}"
EndProject
Global
	GlobalSection(SolutionConfigurationPlatforms) = preSolution
		Debug|Any CPU = Debug|Any CPU
		Release|Any CPU = Release|Any CPU
	EndGlobalSection
	GlobalSection(ProjectConfigurationPlatforms) = postSolution
		{1A6034EE-68B7-49D0-AFDC-F4F1AB19C96E}.Debug|Any CPU.ActiveCfg = Debug|Any CPU
		{1A6034EE-68B7-49D0-AFDC-F4F1AB19C96E}.Debug|Any CPU.Build.0 = Debug|Any CPU
		{1A6034EE-68B7-49D0-AFDC-F4F1AB19C96E}.Release|Any CPU.ActiveCfg = Release|Any CPU
		{1A6034EE-68B7-49D0-AFDC-F4F1AB19C96E}.Release|Any CPU.Build.0 = Release|Any CPU
	EndGlobalSection
	GlobalSection(SolutionProperties) = preSolution
		HideSolutionNode = FALSE
	EndGlobalSection
	GlobalSection(ExtensibilityGlobals) = postSolution
		SolutionGuid = {C6B59666-5334-4FE7-86F0-E5C4E4952242}
	EndGlobalSection
EndGlobal
